
Microsoft Visual Studio Solution File, Format Version 12.00
# Visual Studio 14
VisualStudioVersion = 14.0.25420.1
MinimumVisualStudioVersion = 10.0.40219.1
Project("{2150E333-8FDC-42A3-9474-1A3956D46DE8}") = "src", "src", "{AB88D922-7B52-41A2-AB78-62744460A6C3}"
EndProject
Project("{2150E333-8FDC-42A3-9474-1A3956D46DE8}") = "Solution Items", "Solution Items", "{EA36642D-676A-4FA7-8A17-C27A8F2F3FBF}"
	ProjectSection(SolutionItems) = preProject
		global.json = global.json
	EndProjectSection
EndProject
Project("{8BB2217D-0F2D-49D1-97BC-3654ED321F3B}") = "firstcore", "src\firstcore\firstcore.xproj", "{15891CEB-80F5-4FB5-B940-242556A51584}"
EndProject
Global
	GlobalSection(SolutionConfigurationPlatforms) = preSolution
		Debug|Any CPU = Debug|Any CPU
		Release|Any CPU = Release|Any CPU
	EndGlobalSection
	GlobalSection(ProjectConfigurationPlatforms) = postSolution
		{15891CEB-80F5-4FB5-B940-242556A51584}.Debug|Any CPU.ActiveCfg = Debug|Any CPU
		{15891CEB-80F5-4FB5-B940-242556A51584}.Debug|Any CPU.Build.0 = Debug|Any CPU
		{15891CEB-80F5-4FB5-B940-242556A51584}.Release|Any CPU.ActiveCfg = Release|Any CPU
		{15891CEB-80F5-4FB5-B940-242556A51584}.Release|Any CPU.Build.0 = Release|Any CPU
	EndGlobalSection
	GlobalSection(SolutionProperties) = preSolution
		HideSolutionNode = FALSE
	EndGlobalSection
	GlobalSection(NestedProjects) = preSolution
		{15891CEB-80F5-4FB5-B940-242556A51584} = {AB88D922-7B52-41A2-AB78-62744460A6C3}
	EndGlobalSection
EndGlobal
