
Microsoft Visual Studio Solution File, Format Version 12.00
# Visual Studio 15
VisualStudioVersion = 15.0.26114.2
MinimumVisualStudioVersion = 10.0.40219.1
Project("{2150E333-8FDC-42A3-9474-1A3956D46DE8}") = "src", "src", "{AB88D922-7B52-41A2-AB78-62744460A6C3}"
EndProject
Project("{FAE04EC0-301F-11D3-BF4B-00C04F79EFBC}") = "firstcore", "src\firstcore\firstcore.csproj", "{15891CEB-80F5-4FB5-B940-242556A51584}"
EndProject
Global
	GlobalSection(SolutionConfigurationPlatforms) = preSolution
		Debug|Any CPU = Debug|Any CPU
		Release|Any CPU = Release|Any CPU
	EndGlobalSection
	GlobalSection(ProjectConfigurationPlatforms) = postSolution
		{15891CEB-80F5-4FB5-B940-242556A51584}.Debug|Any CPU.ActiveCfg = Debug|Any CPU
		{15891CEB-80F5-4FB5-B940-242556A51584}.Debug|Any CPU.Build.0 = Debug|Any CPU
		{15891CEB-80F5-4FB5-B940-242556A51584}.Release|Any CPU.ActiveCfg = Release|Any CPU
		{15891CEB-80F5-4FB5-B940-242556A51584}.Release|Any CPU.Build.0 = Release|Any CPU
	EndGlobalSection
	GlobalSection(SolutionProperties) = preSolution
		HideSolutionNode = FALSE
	EndGlobalSection
	GlobalSection(NestedProjects) = preSolution
		{15891CEB-80F5-4FB5-B940-242556A51584} = {AB88D922-7B52-41A2-AB78-62744460A6C3}
	EndGlobalSection
EndGlobal
